
Microsoft Visual Studio Solution File, Format Version 12.00
# Visual Studio Version 16
VisualStudioVersion = 16.0.30621.155
MinimumVisualStudioVersion = 10.0.40219.1
Project("{FAE04EC0-301F-11D3-BF4B-00C04F79EFBC}") = "20172578091", "20172578091.csproj", "{ABDB9E34-20C4-4EEB-B05E-4565489A64BA}"
EndProject
Global
	GlobalSection(SolutionConfigurationPlatforms) = preSolution
		Debug|Any CPU = Debug|Any CPU
		Release|Any CPU = Release|Any CPU
	EndGlobalSection
	GlobalSection(ProjectConfigurationPlatforms) = postSolution
		{ABDB9E34-20C4-4EEB-B05E-4565489A64BA}.Debug|Any CPU.ActiveCfg = Debug|Any CPU
		{ABDB9E34-20C4-4EEB-B05E-4565489A64BA}.Debug|Any CPU.Build.0 = Debug|Any CPU
		{ABDB9E34-20C4-4EEB-B05E-4565489A64BA}.Release|Any CPU.ActiveCfg = Release|Any CPU
		{ABDB9E34-20C4-4EEB-B05E-4565489A64BA}.Release|Any CPU.Build.0 = Release|Any CPU
	EndGlobalSection
	GlobalSection(SolutionProperties) = preSolution
		HideSolutionNode = FALSE
	EndGlobalSection
	GlobalSection(ExtensibilityGlobals) = postSolution
		SolutionGuid = {E86C5931-52A5-4C3A-9088-F19E87E3BFF8}
	EndGlobalSection
EndGlobal
